
Microsoft Visual Studio Solution File, Format Version 12.00
# Visual Studio Version 17
VisualStudioVersion = 17.11.35303.130
MinimumVisualStudioVersion = 10.0.40219.1
Project("{9A19103F-16F7-4668-BE54-9A1E7A4F7556}") = "FitnessJourneyCreator", "FitnessJourneyCreator\FitnessJourneyCreator.csproj", "{A932A5E2-24DC-4745-A212-0C2E4A34BCE3}"
EndProject
Project("{2150E333-8FDC-42A3-9474-1A3956D46DE8}") = "Solution Items", "Solution Items", "{AD1CB1E5-315A-4627-B8A5-2F3BC4792A8A}"
	ProjectSection(SolutionItems) = preProject
		.gitignore = .gitignore
	EndProjectSection
EndProject
Project("{FAE04EC0-301F-11D3-BF4B-00C04F79EFBC}") = "FitnessJourneyCreatorTests", "FitnessJourneyCreatorTests\FitnessJourneyCreatorTests.csproj", "{C6FDC94C-69DB-4182-BCF3-0C0F42161588}"
EndProject
Global
	GlobalSection(SolutionConfigurationPlatforms) = preSolution
		Debug|Any CPU = Debug|Any CPU
		Release|Any CPU = Release|Any CPU
	EndGlobalSection
	GlobalSection(ProjectConfigurationPlatforms) = postSolution
		{A932A5E2-24DC-4745-A212-0C2E4A34BCE3}.Debug|Any CPU.ActiveCfg = Debug|Any CPU
		{A932A5E2-24DC-4745-A212-0C2E4A34BCE3}.Debug|Any CPU.Build.0 = Debug|Any CPU
		{A932A5E2-24DC-4745-A212-0C2E4A34BCE3}.Release|Any CPU.ActiveCfg = Release|Any CPU
		{A932A5E2-24DC-4745-A212-0C2E4A34BCE3}.Release|Any CPU.Build.0 = Release|Any CPU
		{C6FDC94C-69DB-4182-BCF3-0C0F42161588}.Debug|Any CPU.ActiveCfg = Debug|Any CPU
		{C6FDC94C-69DB-4182-BCF3-0C0F42161588}.Debug|Any CPU.Build.0 = Debug|Any CPU
		{C6FDC94C-69DB-4182-BCF3-0C0F42161588}.Release|Any CPU.ActiveCfg = Release|Any CPU
		{C6FDC94C-69DB-4182-BCF3-0C0F42161588}.Release|Any CPU.Build.0 = Release|Any CPU
	EndGlobalSection
	GlobalSection(SolutionProperties) = preSolution
		HideSolutionNode = FALSE
	EndGlobalSection
	GlobalSection(ExtensibilityGlobals) = postSolution
		SolutionGuid = {7256182F-8546-48E9-8BE5-288686E8D808}
	EndGlobalSection
EndGlobal
